
Microsoft Visual Studio Solution File, Format Version 12.00
# Visual Studio 15
VisualStudioVersion = 15.0.28307.102
MinimumVisualStudioVersion = 10.0.40219.1
Project("{FAE04EC0-301F-11D3-BF4B-00C04F79EFBC}") = "ExcelAddIn1", "ExcelAddIn1\ExcelAddIn1.csproj", "{7C61DCDC-2F5A-4737-A24A-195B54FD82A0}"
EndProject
Global
	GlobalSection(SolutionConfigurationPlatforms) = preSolution
		Debug|Any CPU = Debug|Any CPU
		Release|Any CPU = Release|Any CPU
	EndGlobalSection
	GlobalSection(ProjectConfigurationPlatforms) = postSolution
		{7C61DCDC-2F5A-4737-A24A-195B54FD82A0}.Debug|Any CPU.ActiveCfg = Debug|Any CPU
		{7C61DCDC-2F5A-4737-A24A-195B54FD82A0}.Debug|Any CPU.Build.0 = Debug|Any CPU
		{7C61DCDC-2F5A-4737-A24A-195B54FD82A0}.Release|Any CPU.ActiveCfg = Release|Any CPU
		{7C61DCDC-2F5A-4737-A24A-195B54FD82A0}.Release|Any CPU.Build.0 = Release|Any CPU
	EndGlobalSection
	GlobalSection(SolutionProperties) = preSolution
		HideSolutionNode = FALSE
	EndGlobalSection
	GlobalSection(ExtensibilityGlobals) = postSolution
		SolutionGuid = {35A8F79D-1A5F-4A86-8EF9-0019805CD406}
	EndGlobalSection
EndGlobal
